
Microsoft Visual Studio Solution File, Format Version 12.00
# Visual Studio Version 17
VisualStudioVersion = 17.1.32328.378
MinimumVisualStudioVersion = 10.0.40219.1
Project("{FAE04EC0-301F-11D3-BF4B-00C04F79EFBC}") = "UserAuth", "UserAuth\UserAuth.csproj", "{05ACD666-84D6-4078-A449-369DAAA85B26}"
EndProject
Global
	GlobalSection(SolutionConfigurationPlatforms) = preSolution
		Debug|Any CPU = Debug|Any CPU
		Release|Any CPU = Release|Any CPU
	EndGlobalSection
	GlobalSection(ProjectConfigurationPlatforms) = postSolution
		{05ACD666-84D6-4078-A449-369DAAA85B26}.Debug|Any CPU.ActiveCfg = Debug|Any CPU
		{05ACD666-84D6-4078-A449-369DAAA85B26}.Debug|Any CPU.Build.0 = Debug|Any CPU
		{05ACD666-84D6-4078-A449-369DAAA85B26}.Release|Any CPU.ActiveCfg = Release|Any CPU
		{05ACD666-84D6-4078-A449-369DAAA85B26}.Release|Any CPU.Build.0 = Release|Any CPU
	EndGlobalSection
	GlobalSection(SolutionProperties) = preSolution
		HideSolutionNode = FALSE
	EndGlobalSection
	GlobalSection(ExtensibilityGlobals) = postSolution
		SolutionGuid = {DFBFA781-80A3-4EF6-908E-49559D1BBDDB}
	EndGlobalSection
EndGlobal
